
Microsoft Visual Studio Solution File, Format Version 12.00
# Visual Studio Version 16
VisualStudioVersion = 16.0.28516.95
MinimumVisualStudioVersion = 10.0.40219.1
Project("{9A19103F-16F7-4668-BE54-9A1E7A4F7556}") = "Uno.PackageDiff", "Uno.PackageDiff\Uno.PackageDiff.csproj", "{629D2B8F-14BC-4FAB-B660-E677A6C68EAF}"
EndProject
Project("{FAE04EC0-301F-11D3-BF4B-00C04F79EFBC}") = "Uno.PackageDiff.Tests", "Uno.PackageDiff.Tests\Uno.PackageDiff.Tests.csproj", "{B0DB1166-738C-4E74-AB68-8123E5283D76}"
EndProject
Global
	GlobalSection(SolutionConfigurationPlatforms) = preSolution
		Debug|Any CPU = Debug|Any CPU
		Release|Any CPU = Release|Any CPU
	EndGlobalSection
	GlobalSection(ProjectConfigurationPlatforms) = postSolution
		{629D2B8F-14BC-4FAB-B660-E677A6C68EAF}.Debug|Any CPU.ActiveCfg = Debug|Any CPU
		{629D2B8F-14BC-4FAB-B660-E677A6C68EAF}.Debug|Any CPU.Build.0 = Debug|Any CPU
		{629D2B8F-14BC-4FAB-B660-E677A6C68EAF}.Release|Any CPU.ActiveCfg = Release|Any CPU
		{629D2B8F-14BC-4FAB-B660-E677A6C68EAF}.Release|Any CPU.Build.0 = Release|Any CPU
		{B0DB1166-738C-4E74-AB68-8123E5283D76}.Debug|Any CPU.ActiveCfg = Debug|Any CPU
		{B0DB1166-738C-4E74-AB68-8123E5283D76}.Debug|Any CPU.Build.0 = Debug|Any CPU
		{B0DB1166-738C-4E74-AB68-8123E5283D76}.Release|Any CPU.ActiveCfg = Release|Any CPU
		{B0DB1166-738C-4E74-AB68-8123E5283D76}.Release|Any CPU.Build.0 = Release|Any CPU
	EndGlobalSection
	GlobalSection(SolutionProperties) = preSolution
		HideSolutionNode = FALSE
	EndGlobalSection
	GlobalSection(ExtensibilityGlobals) = postSolution
		SolutionGuid = {68050057-5CDC-451F-BDD7-71AC6CBD4862}
	EndGlobalSection
EndGlobal
